// !$*UTF8*$!
{
	archiveVersion = 1;
	classes = {
	};
	objectVersion = 46;
	objects = {

/* Begin PBXBuildFile section */
		AAC0BB651D42522900BD4C34 /* AppDelegate.swift in Sources */ = {isa = PBXBuildFile; fileRef = AAC0BB641D42522900BD4C34 /* AppDelegate.swift */; };
		AAC0BB671D42522900BD4C34 /* ViewController.swift in Sources */ = {isa = PBXBuildFile; fileRef = AAC0BB661D42522900BD4C34 /* ViewController.swift */; };
		AAC0BB6A1D42522900BD4C34 /* Main.storyboard in Resources */ = {isa = PBXBuildFile; fileRef = AAC0BB681D42522900BD4C34 /* Main.storyboard */; };
		AAC0BB6C1D42522900BD4C34 /* Assets.xcassets in Resources */ = {isa = PBXBuildFile; fileRef = AAC0BB6B1D42522900BD4C34 /* Assets.xcassets */; };
		AAC0BB6F1D42522900BD4C34 /* LaunchScreen.storyboard in Resources */ = {isa = PBXBuildFile; fileRef = AAC0BB6D1D42522900BD4C34 /* LaunchScreen.storyboard */; };
		AAC0BB7A1D42522900BD4C34 /* TipCalculatorTests.swift in Sources */ = {isa = PBXBuildFile; fileRef = AAC0BB791D42522900BD4C34 /* TipCalculatorTests.swift */; };
		AAC0BB851D42522900BD4C34 /* TipCalculatorUITests.swift in Sources */ = {isa = PBXBuildFile; fileRef = AAC0BB841D42522900BD4C34 /* TipCalculatorUITests.swift */; };
		AAC0BB931D4254EB00BD4C34 /* TipCalculatorModel.swift in Sources */ = {isa = PBXBuildFile; fileRef = AAC0BB921D4254EB00BD4C34 /* TipCalculatorModel.swift */; };
/* End PBXBuildFile section */

/* Begin PBXContainerItemProxy section */
		AAC0BB761D42522900BD4C34 /* PBXContainerItemProxy */ = {
			isa = PBXContainerItemProxy;
			containerPortal = AAC0BB591D42522900BD4C34 /* Project object */;
			proxyType = 1;
			remoteGlobalIDString = AAC0BB601D42522900BD4C34;
			remoteInfo = TipCalculator;
		};
		AAC0BB811D42522900BD4C34 /* PBXContainerItemProxy */ = {
			isa = PBXContainerItemProxy;
			containerPortal = AAC0BB591D42522900BD4C34 /* Project object */;
			proxyType = 1;
			remoteGlobalIDString = AAC0BB601D42522900BD4C34;
			remoteInfo = TipCalculator;
		};
/* End PBXContainerItemProxy section */

/* Begin PBXFileReference section */
		AAC0BB611D42522900BD4C34 /* TipCalculator.app */ = {isa = PBXFileReference; explicitFileType = wrapper.application; includeInIndex = 0; path = TipCalculator.app; sourceTree = BUILT_PRODUCTS_DIR; };
		AAC0BB641D42522900BD4C34 /* AppDelegate.swift */ = {isa = PBXFileReference; lastKnownFileType = sourcecode.swift; path = AppDelegate.swift; sourceTree = "<group>"; };
		AAC0BB661D42522900BD4C34 /* ViewController.swift */ = {isa = PBXFileReference; lastKnownFileType = sourcecode.swift; path = ViewController.swift; sourceTree = "<group>"; };
		AAC0BB691D42522900BD4C34 /* Base */ = {isa = PBXFileReference; lastKnownFileType = file.storyboard; name = Base; path = Base.lproj/Main.storyboard; sourceTree = "<group>"; };
		AAC0BB6B1D42522900BD4C34 /* Assets.xcassets */ = {isa = PBXFileReference; lastKnownFileType = folder.assetcatalog; path = Assets.xcassets; sourceTree = "<group>"; };
		AAC0BB6E1D42522900BD4C34 /* Base */ = {isa = PBXFileReference; lastKnownFileType = file.storyboard; name = Base; path = Base.lproj/LaunchScreen.storyboard; sourceTree = "<group>"; };
		AAC0BB701D42522900BD4C34 /* Info.plist */ = {isa = PBXFileReference; lastKnownFileType = text.plist.xml; path = Info.plist; sourceTree = "<group>"; };
		AAC0BB751D42522900BD4C34 /* TipCalculatorTests.xctest */ = {isa = PBXFileReference; explicitFileType = wrapper.cfbundle; includeInIndex = 0; path = TipCalculatorTests.xctest; sourceTree = BUILT_PRODUCTS_DIR; };
		AAC0BB791D42522900BD4C34 /* TipCalculatorTests.swift */ = {isa = PBXFileReference; lastKnownFileType = sourcecode.swift; path = TipCalculatorTests.swift; sourceTree = "<group>"; };
		AAC0BB7B1D42522900BD4C34 /* Info.plist */ = {isa = PBXFileReference; lastKnownFileType = text.plist.xml; path = Info.plist; sourceTree = "<group>"; };
		AAC0BB801D42522900BD4C34 /* TipCalculatorUITests.xctest */ = {isa = PBXFileReference; explicitFileType = wrapper.cfbundle; includeInIndex = 0; path = TipCalculatorUITests.xctest; sourceTree = BUILT_PRODUCTS_DIR; };
		AAC0BB841D42522900BD4C34 /* TipCalculatorUITests.swift */ = {isa = PBXFileReference; lastKnownFileType = sourcecode.swift; path = TipCalculatorUITests.swift; sourceTree = "<group>"; };
		AAC0BB861D42522900BD4C34 /* Info.plist */ = {isa = PBXFileReference; lastKnownFileType = text.plist.xml; path = Info.plist; sourceTree = "<group>"; };
		AAC0BB921D4254EB00BD4C34 /* TipCalculatorModel.swift */ = {isa = PBXFileReference; fileEncoding = 4; lastKnownFileType = sourcecode.swift; path = TipCalculatorModel.swift; sourceTree = "<group>"; };
/* End PBXFileReference section */

/* Begin PBXFrameworksBuildPhase section */
		AAC0BB5E1D42522900BD4C34 /* Frameworks */ = {
			isa = PBXFrameworksBuildPhase;
			buildActionMask = 2147483647;
			files = (
			);
			runOnlyForDeploymentPostprocessing = 0;
		};
		AAC0BB721D42522900BD4C34 /* Frameworks */ = {
			isa = PBXFrameworksBuildPhase;
			buildActionMask = 2147483647;
			files = (
			);
			runOnlyForDeploymentPostprocessing = 0;
		};
		AAC0BB7D1D42522900BD4C34 /* Frameworks */ = {
			isa = PBXFrameworksBuildPhase;
			buildActionMask = 2147483647;
			files = (
			);
			runOnlyForDeploymentPostprocessing = 0;
		};
/* End PBXFrameworksBuildPhase section */

/* Begin PBXGroup section */
		AAC0BB581D42522900BD4C34 = {
			isa = PBXGroup;
			children = (
				AAC0BB631D42522900BD4C34 /* TipCalculator */,
				AAC0BB781D42522900BD4C34 /* TipCalculatorTests */,
				AAC0BB831D42522900BD4C34 /* TipCalculatorUITests */,
				AAC0BB621D42522900BD4C34 /* Products */,
			);
			sourceTree = "<group>";
		};
		AAC0BB621D42522900BD4C34 /* Products */ = {
			isa = PBXGroup;
			children = (
				AAC0BB611D42522900BD4C34 /* TipCalculator.app */,
				AAC0BB751D42522900BD4C34 /* TipCalculatorTests.xctest */,
				AAC0BB801D42522900BD4C34 /* TipCalculatorUITests.xctest */,
			);
			name = Products;
			sourceTree = "<group>";
		};
		AAC0BB631D42522900BD4C34 /* TipCalculator */ = {
			isa = PBXGroup;
			children = (
				AAC0BB641D42522900BD4C34 /* AppDelegate.swift */,
				AAC0BB661D42522900BD4C34 /* ViewController.swift */,
				AAC0BB681D42522900BD4C34 /* Main.storyboard */,
				AAC0BB6B1D42522900BD4C34 /* Assets.xcassets */,
				AAC0BB6D1D42522900BD4C34 /* LaunchScreen.storyboard */,
				AAC0BB701D42522900BD4C34 /* Info.plist */,
				AAC0BB921D4254EB00BD4C34 /* TipCalculatorModel.swift */,
			);
			path = TipCalculator;
			sourceTree = "<group>";
		};
		AAC0BB781D42522900BD4C34 /* TipCalculatorTests */ = {
			isa = PBXGroup;
			children = (
				AAC0BB791D42522900BD4C34 /* TipCalculatorTests.swift */,
				AAC0BB7B1D42522900BD4C34 /* Info.plist */,
			);
			path = TipCalculatorTests;
			sourceTree = "<group>";
		};
		AAC0BB831D42522900BD4C34 /* TipCalculatorUITests */ = {
			isa = PBXGroup;
			children = (
				AAC0BB841D42522900BD4C34 /* TipCalculatorUITests.swift */,
				AAC0BB861D42522900BD4C34 /* Info.plist */,
			);
			path = TipCalculatorUITests;
			sourceTree = "<group>";
		};
/* End PBXGroup section */

/* Begin PBXNativeTarget section */
		AAC0BB601D42522900BD4C34 /* TipCalculator */ = {
			isa = PBXNativeTarget;
			buildConfigurationList = AAC0BB891D42522900BD4C34 /* Build configuration list for PBXNativeTarget "TipCalculator" */;
			buildPhases = (
				AAC0BB5D1D42522900BD4C34 /* Sources */,
				AAC0BB5E1D42522900BD4C34 /* Frameworks */,
				AAC0BB5F1D42522900BD4C34 /* Resources */,
			);
			buildRules = (
			);
			dependencies = (
			);
			name = TipCalculator;
			productName = TipCalculator;
			productReference = AAC0BB611D42522900BD4C34 /* TipCalculator.app */;
			productType = "com.apple.product-type.application";
		};
		AAC0BB741D42522900BD4C34 /* TipCalculatorTests */ = {
			isa = PBXNativeTarget;
			buildConfigurationList = AAC0BB8C1D42522900BD4C34 /* Build configuration list for PBXNativeTarget "TipCalculatorTests" */;
			buildPhases = (
				AAC0BB711D42522900BD4C34 /* Sources */,
				AAC0BB721D42522900BD4C34 /* Frameworks */,
				AAC0BB731D42522900BD4C34 /* Resources */,
			);
			buildRules = (
			);
			dependencies = (
				AAC0BB771D42522900BD4C34 /* PBXTargetDependency */,
			);
			name = TipCalculatorTests;
			productName = TipCalculatorTests;
			productReference = AAC0BB751D42522900BD4C34 /* TipCalculatorTests.xctest */;
			productType = "com.apple.product-type.bundle.unit-test";
		};
		AAC0BB7F1D42522900BD4C34 /* TipCalculatorUITests */ = {
			isa = PBXNativeTarget;
			buildConfigurationList = AAC0BB8F1D42522900BD4C34 /* Build configuration list for PBXNativeTarget "TipCalculatorUITests" */;
			buildPhases = (
				AAC0BB7C1D42522900BD4C34 /* Sources */,
				AAC0BB7D1D42522900BD4C34 /* Frameworks */,
				AAC0BB7E1D42522900BD4C34 /* Resources */,
			);
			buildRules = (
			);
			dependencies = (
				AAC0BB821D42522900BD4C34 /* PBXTargetDependency */,
			);
			name = TipCalculatorUITests;
			productName = TipCalculatorUITests;
			productReference = AAC0BB801D42522900BD4C34 /* TipCalculatorUITests.xctest */;
			productType = "com.apple.product-type.bundle.ui-testing";
		};
/* End PBXNativeTarget section */

/* Begin PBXProject section */
		AAC0BB591D42522900BD4C34 /* Project object */ = {
			isa = PBXProject;
			attributes = {
				LastSwiftUpdateCheck = 0730;
				LastUpgradeCheck = 0730;
				ORGANIZATIONNAME = bmw;
				TargetAttributes = {
					AAC0BB601D42522900BD4C34 = {
						CreatedOnToolsVersion = 7.3.1;
					};
					AAC0BB741D42522900BD4C34 = {
						CreatedOnToolsVersion = 7.3.1;
						TestTargetID = AAC0BB601D42522900BD4C34;
					};
					AAC0BB7F1D42522900BD4C34 = {
						CreatedOnToolsVersion = 7.3.1;
						TestTargetID = AAC0BB601D42522900BD4C34;
					};
				};
			};
			buildConfigurationList = AAC0BB5C1D42522900BD4C34 /* Build configuration list for PBXProject "TipCalculator" */;
			compatibilityVersion = "Xcode 3.2";
			developmentRegion = English;
			hasScannedForEncodings = 0;
			knownRegions = (
				en,
				Base,
			);
			mainGroup = AAC0BB581D42522900BD4C34;
			productRefGroup = AAC0BB621D42522900BD4C34 /* Products */;
			projectDirPath = "";
			projectRoot = "";
			targets = (
				AAC0BB601D42522900BD4C34 /* TipCalculator */,
				AAC0BB741D42522900BD4C34 /* TipCalculatorTests */,
				AAC0BB7F1D42522900BD4C34 /* TipCalculatorUITests */,
			);
		};
/* End PBXProject section */

/* Begin PBXResourcesBuildPhase section */
		AAC0BB5F1D42522900BD4C34 /* Resources */ = {
			isa = PBXResourcesBuildPhase;
			buildActionMask = 2147483647;
			files = (
				AAC0BB6F1D42522900BD4C34 /* LaunchScreen.storyboard in Resources */,
				AAC0BB6C1D42522900BD4C34 /* Assets.xcassets in Resources */,
				AAC0BB6A1D42522900BD4C34 /* Main.storyboard in Resources */,
			);
			runOnlyForDeploymentPostprocessing = 0;
		};
		AAC0BB731D42522900BD4C34 /* Resources */ = {
			isa = PBXResourcesBuildPhase;
			buildActionMask = 2147483647;
			files = (
			);
			runOnlyForDeploymentPostprocessing = 0;
		};
		AAC0BB7E1D42522900BD4C34 /* Resources */ = {
			isa = PBXResourcesBuildPhase;
			buildActionMask = 2147483647;
			files = (
			);
			runOnlyForDeploymentPostprocessing = 0;
		};
/* End PBXResourcesBuildPhase section */

/* Begin PBXSourcesBuildPhase section */
		AAC0BB5D1D42522900BD4C34 /* Sources */ = {
			isa = PBXSourcesBuildPhase;
			buildActionMask = 2147483647;
			files = (
				AAC0BB931D4254EB00BD4C34 /* TipCalculatorModel.swift in Sources */,
				AAC0BB671D42522900BD4C34 /* ViewController.swift in Sources */,
				AAC0BB651D42522900BD4C34 /* AppDelegate.swift in Sources */,
			);
			runOnlyForDeploymentPostprocessing = 0;
		};
		AAC0BB711D42522900BD4C34 /* Sources */ = {
			isa = PBXSourcesBuildPhase;
			buildActionMask = 2147483647;
			files = (
				AAC0BB7A1D42522900BD4C34 /* TipCalculatorTests.swift in Sources */,
			);
			runOnlyForDeploymentPostprocessing = 0;
		};
		AAC0BB7C1D42522900BD4C34 /* Sources */ = {
			isa = PBXSourcesBuildPhase;
			buildActionMask = 2147483647;
			files = (
				AAC0BB851D42522900BD4C34 /* TipCalculatorUITests.swift in Sources */,
			);
			runOnlyForDeploymentPostprocessing = 0;
		};
/* End PBXSourcesBuildPhase section */

/* Begin PBXTargetDependency section */
		AAC0BB771D42522900BD4C34 /* PBXTargetDependency */ = {
			isa = PBXTargetDependency;
			target = AAC0BB601D42522900BD4C34 /* TipCalculator */;
			targetProxy = AAC0BB761D42522900BD4C34 /* PBXContainerItemProxy */;
		};
		AAC0BB821D42522900BD4C34 /* PBXTargetDependency */ = {
			isa = PBXTargetDependency;
			target = AAC0BB601D42522900BD4C34 /* TipCalculator */;
			targetProxy = AAC0BB811D42522900BD4C34 /* PBXContainerItemProxy */;
		};
/* End PBXTargetDependency section */

/* Begin PBXVariantGroup section */
		AAC0BB681D42522900BD4C34 /* Main.storyboard */ = {
			isa = PBXVariantGroup;
			children = (
				AAC0BB691D42522900BD4C34 /* Base */,
			);
			name = Main.storyboard;
			sourceTree = "<group>";
		};
		AAC0BB6D1D42522900BD4C34 /* LaunchScreen.storyboard */ = {
			isa = PBXVariantGroup;
			children = (
				AAC0BB6E1D42522900BD4C34 /* Base */,
			);
			name = LaunchScreen.storyboard;
			sourceTree = "<group>";
		};
/* End PBXVariantGroup section */

/* Begin XCBuildConfiguration section */
		AAC0BB871D42522900BD4C34 /* Debug */ = {
			isa = XCBuildConfiguration;
			buildSettings = {
				ALWAYS_SEARCH_USER_PATHS = NO;
				CLANG_ANALYZER_NONNULL = YES;
				CLANG_CXX_LANGUAGE_STANDARD = "gnu++0x";
				CLANG_CXX_LIBRARY = "libc++";
				CLANG_ENABLE_MODULES = YES;
				CLANG_ENABLE_OBJC_ARC = YES;
				CLANG_WARN_BOOL_CONVERSION = YES;
				CLANG_WARN_CONSTANT_CONVERSION = YES;
				CLANG_WARN_DIRECT_OBJC_ISA_USAGE = YES_ERROR;
				CLANG_WARN_EMPTY_BODY = YES;
				CLANG_WARN_ENUM_CONVERSION = YES;
				CLANG_WARN_INT_CONVERSION = YES;
				CLANG_WARN_OBJC_ROOT_CLASS = YES_ERROR;
				CLANG_WARN_UNREACHABLE_CODE = YES;
				CLANG_WARN__DUPLICATE_METHOD_MATCH = YES;
				"CODE_SIGN_IDENTITY[sdk=iphoneos*]" = "iPhone Developer";
				COPY_PHASE_STRIP = NO;
				DEBUG_INFORMATION_FORMAT = dwarf;
				ENABLE_STRICT_OBJC_MSGSEND = YES;
				ENABLE_TESTABILITY = YES;
				GCC_C_LANGUAGE_STANDARD = gnu99;
				GCC_DYNAMIC_NO_PIC = NO;
				GCC_NO_COMMON_BLOCKS = YES;
				GCC_OPTIMIZATION_LEVEL = 0;
				GCC_PREPROCESSOR_DEFINITIONS = (
					"DEBUG=1",
					"$(inherited)",
				);
				GCC_WARN_64_TO_32_BIT_CONVERSION = YES;
				GCC_WARN_ABOUT_RETURN_TYPE = YES_ERROR;
				GCC_WARN_UNDECLARED_SELECTOR = YES;
				GCC_WARN_UNINITIALIZED_AUTOS = YES_AGGRESSIVE;
				GCC_WARN_UNUSED_FUNCTION = YES;
				GCC_WARN_UNUSED_VARIABLE = YES;
				IPHONEOS_DEPLOYMENT_TARGET = 9.3;
				MTL_ENABLE_DEBUG_INFO = YES;
				ONLY_ACTIVE_ARCH = YES;
				SDKROOT = iphoneos;
				SWIFT_OPTIMIZATION_LEVEL = "-Onone";
			};
			name = Debug;
		};
		AAC0BB881D42522900BD4C34 /* Release */ = {
			isa = XCBuildConfiguration;
			buildSettings = {
				ALWAYS_SEARCH_USER_PATHS = NO;
				CLANG_ANALYZER_NONNULL = YES;
				CLANG_CXX_LANGUAGE_STANDARD = "gnu++0x";
				CLANG_CXX_LIBRARY = "libc++";
				CLANG_ENABLE_MODULES = YES;
				CLANG_ENABLE_OBJC_ARC = YES;
				CLANG_WARN_BOOL_CONVERSION = YES;
				CLANG_WARN_CONSTANT_CONVERSION = YES;
				CLANG_WARN_DIRECT_OBJC_ISA_USAGE = YES_ERROR;
				CLANG_WARN_EMPTY_BODY = YES;
				CLANG_WARN_ENUM_CONVERSION = YES;
				CLANG_WARN_INT_CONVERSION = YES;
				CLANG_WARN_OBJC_ROOT_CLASS = YES_ERROR;
				CLANG_WARN_UNREACHABLE_CODE = YES;
				CLANG_WARN__DUPLICATE_METHOD_MATCH = YES;
				"CODE_SIGN_IDENTITY[sdk=iphoneos*]" = "iPhone Developer";
				COPY_PHASE_STRIP = NO;
				DEBUG_INFORMATION_FORMAT = "dwarf-with-dsym";
				ENABLE_NS_ASSERTIONS = NO;
				ENABLE_STRICT_OBJC_MSGSEND = YES;
				GCC_C_LANGUAGE_STANDARD = gnu99;
				GCC_NO_COMMON_BLOCKS = YES;
				GCC_WARN_64_TO_32_BIT_CONVERSION = YES;
				GCC_WARN_ABOUT_RETURN_TYPE = YES_ERROR;
				GCC_WARN_UNDECLARED_SELECTOR = YES;
				GCC_WARN_UNINITIALIZED_AUTOS = YES_AGGRESSIVE;
				GCC_WARN_UNUSED_FUNCTION = YES;
				GCC_WARN_UNUSED_VARIABLE = YES;
				IPHONEOS_DEPLOYMENT_TARGET = 9.3;
				MTL_ENABLE_DEBUG_INFO = NO;
				SDKROOT = iphoneos;
				VALIDATE_PRODUCT = YES;
			};
			name = Release;
		};
		AAC0BB8A1D42522900BD4C34 /* Debug */ = {
			isa = XCBuildConfiguration;
			buildSettings = {
				ASSETCATALOG_COMPILER_APPICON_NAME = AppIcon;
				INFOPLIST_FILE = TipCalculator/Info.plist;
				LD_RUNPATH_SEARCH_PATHS = "$(inherited) @executable_path/Frameworks";
				PRODUCT_BUNDLE_IDENTIFIER = com.bmw.TipCalculator;
				PRODUCT_NAME = "$(TARGET_NAME)";
			};
			name = Debug;
		};
		AAC0BB8B1D42522900BD4C34 /* Release */ = {
			isa = XCBuildConfiguration;
			buildSettings = {
				ASSETCATALOG_COMPILER_APPICON_NAME = AppIcon;
				INFOPLIST_FILE = TipCalculator/Info.plist;
				LD_RUNPATH_SEARCH_PATHS = "$(inherited) @executable_path/Frameworks";
				PRODUCT_BUNDLE_IDENTIFIER = com.bmw.TipCalculator;
				PRODUCT_NAME = "$(TARGET_NAME)";
			};
			name = Release;
		};
		AAC0BB8D1D42522900BD4C34 /* Debug */ = {
			isa = XCBuildConfiguration;
			buildSettings = {
				BUNDLE_LOADER = "$(TEST_HOST)";
				INFOPLIST_FILE = TipCalculatorTests/Info.plist;
				LD_RUNPATH_SEARCH_PATHS = "$(inherited) @executable_path/Frameworks @loader_path/Frameworks";
				PRODUCT_BUNDLE_IDENTIFIER = com.bmw.TipCalculatorTests;
				PRODUCT_NAME = "$(TARGET_NAME)";
				TEST_HOST = "$(BUILT_PRODUCTS_DIR)/TipCalculator.app/TipCalculator";
			};
			name = Debug;
		};
		AAC0BB8E1D42522900BD4C34 /* Release */ = {
			isa = XCBuildConfiguration;
			buildSettings = {
				BUNDLE_LOADER = "$(TEST_HOST)";
				INFOPLIST_FILE = TipCalculatorTests/Info.plist;
				LD_RUNPATH_SEARCH_PATHS = "$(inherited) @executable_path/Frameworks @loader_path/Frameworks";
				PRODUCT_BUNDLE_IDENTIFIER = com.bmw.TipCalculatorTests;
				PRODUCT_NAME = "$(TARGET_NAME)";
				TEST_HOST = "$(BUILT_PRODUCTS_DIR)/TipCalculator.app/TipCalculator";
			};
			name = Release;
		};
		AAC0BB901D42522900BD4C34 /* Debug */ = {
			isa = XCBuildConfiguration;
			buildSettings = {
				INFOPLIST_FILE = TipCalculatorUITests/Info.plist;
				LD_RUNPATH_SEARCH_PATHS = "$(inherited) @executable_path/Frameworks @loader_path/Frameworks";
				PRODUCT_BUNDLE_IDENTIFIER = com.bmw.TipCalculatorUITests;
				PRODUCT_NAME = "$(TARGET_NAME)";
				TEST_TARGET_NAME = TipCalculator;
			};
			name = Debug;
		};
		AAC0BB911D42522900BD4C34 /* Release */ = {
			isa = XCBuildConfiguration;
			buildSettings = {
				INFOPLIST_FILE = TipCalculatorUITests/Info.plist;
				LD_RUNPATH_SEARCH_PATHS = "$(inherited) @executable_path/Frameworks @loader_path/Frameworks";
				PRODUCT_BUNDLE_IDENTIFIER = com.bmw.TipCalculatorUITests;
				PRODUCT_NAME = "$(TARGET_NAME)";
				TEST_TARGET_NAME = TipCalculator;
			};
			name = Release;
		};
/* End XCBuildConfiguration section */

/* Begin XCConfigurationList section */
		AAC0BB5C1D42522900BD4C34 /* Build configuration list for PBXProject "TipCalculator" */ = {
			isa = XCConfigurationList;
			buildConfigurations = (
				AAC0BB871D42522900BD4C34 /* Debug */,
				AAC0BB881D42522900BD4C34 /* Release */,
			);
			defaultConfigurationIsVisible = 0;
			defaultConfigurationName = Release;
		};
		AAC0BB891D42522900BD4C34 /* Build configuration list for PBXNativeTarget "TipCalculator" */ = {
			isa = XCConfigurationList;
			buildConfigurations = (
				AAC0BB8A1D42522900BD4C34 /* Debug */,
				AAC0BB8B1D42522900BD4C34 /* Release */,
			);
			defaultConfigurationIsVisible = 0;
		};
		AAC0BB8C1D42522900BD4C34 /* Build configuration list for PBXNativeTarget "TipCalculatorTests" */ = {
			isa = XCConfigurationList;
			buildConfigurations = (
				AAC0BB8D1D42522900BD4C34 /* Debug */,
				AAC0BB8E1D42522900BD4C34 /* Release */,
			);
			defaultConfigurationIsVisible = 0;
		};
		AAC0BB8F1D42522900BD4C34 /* Build configuration list for PBXNativeTarget "TipCalculatorUITests" */ = {
			isa = XCConfigurationList;
			buildConfigurations = (
				AAC0BB901D42522900BD4C34 /* Debug */,
				AAC0BB911D42522900BD4C34 /* Release */,
			);
			defaultConfigurationIsVisible = 0;
		};
/* End XCConfigurationList section */
	};
	rootObject = AAC0BB591D42522900BD4C34 /* Project object */;
}
